
Microsoft Visual Studio Solution File, Format Version 12.00
# Visual Studio Version 16
VisualStudioVersion = 16.0.31624.102
MinimumVisualStudioVersion = 10.0.40219.1
Project("{FAE04EC0-301F-11D3-BF4B-00C04F79EFBC}") = "AVLTree", "AVLTree\AVLTree.csproj", "{81428258-6D9E-4BE9-B539-374C788815FF}"
EndProject
Global
	GlobalSection(SolutionConfigurationPlatforms) = preSolution
		Debug|Any CPU = Debug|Any CPU
		Release|Any CPU = Release|Any CPU
	EndGlobalSection
	GlobalSection(ProjectConfigurationPlatforms) = postSolution
		{81428258-6D9E-4BE9-B539-374C788815FF}.Debug|Any CPU.ActiveCfg = Debug|Any CPU
		{81428258-6D9E-4BE9-B539-374C788815FF}.Debug|Any CPU.Build.0 = Debug|Any CPU
		{81428258-6D9E-4BE9-B539-374C788815FF}.Release|Any CPU.ActiveCfg = Release|Any CPU
		{81428258-6D9E-4BE9-B539-374C788815FF}.Release|Any CPU.Build.0 = Release|Any CPU
	EndGlobalSection
	GlobalSection(SolutionProperties) = preSolution
		HideSolutionNode = FALSE
	EndGlobalSection
	GlobalSection(ExtensibilityGlobals) = postSolution
		SolutionGuid = {D0FFE37D-1514-458B-B4EF-2689DAF7F431}
	EndGlobalSection
EndGlobal
